
Microsoft Visual Studio Solution File, Format Version 12.00
# Visual Studio Version 16
VisualStudioVersion = 16.0.30413.136
MinimumVisualStudioVersion = 10.0.40219.1
Project("{FAE04EC0-301F-11D3-BF4B-00C04F79EFBC}") = "ConsoleIfExampleCarSales", "ConsoleIfExampleCarSales.csproj", "{3507E8C1-878B-4B96-B04F-0198E4B76B6A}"
EndProject
Global
	GlobalSection(SolutionConfigurationPlatforms) = preSolution
		Debug|Any CPU = Debug|Any CPU
		Release|Any CPU = Release|Any CPU
	EndGlobalSection
	GlobalSection(ProjectConfigurationPlatforms) = postSolution
		{3507E8C1-878B-4B96-B04F-0198E4B76B6A}.Debug|Any CPU.ActiveCfg = Debug|Any CPU
		{3507E8C1-878B-4B96-B04F-0198E4B76B6A}.Debug|Any CPU.Build.0 = Debug|Any CPU
		{3507E8C1-878B-4B96-B04F-0198E4B76B6A}.Release|Any CPU.ActiveCfg = Release|Any CPU
		{3507E8C1-878B-4B96-B04F-0198E4B76B6A}.Release|Any CPU.Build.0 = Release|Any CPU
	EndGlobalSection
	GlobalSection(SolutionProperties) = preSolution
		HideSolutionNode = FALSE
	EndGlobalSection
	GlobalSection(ExtensibilityGlobals) = postSolution
		SolutionGuid = {B1E7B448-9468-4B83-9116-CDD511159F2A}
	EndGlobalSection
EndGlobal
